lockfileVersion: '9.0'

settings:
  autoInstallPeers: true
  excludeLinksFromLockfile: false

importers:

  .:
    dependencies:
      discourse:
        specifier: npm:@discourse/types@*
        version: '@discourse/types@2026.9.0-eb242063'
    devDependencies:
      playwright:
        specifier: ^1.59.1
        version: 1.62.1

packages:

  '@discourse/types@2026.9.0-eb242063':
    resolution: {integrity: sha512-u1KukGjlYXg6owV5WNWc4oCVWATBu0MZPHxBotZ3581hv5+atHtdHwjKFLA7b8pwJe9gZrJc9Pmcc9axk3g4Tg==}
    engines: {node: '>= 20', npm: please-use-pnpm, pnpm: ^10, yarn: please-use-pnpm}

  fsevents@2.3.2:
    resolution: {integrity: sha512-xiqMQR4xAeHTuB9uWm+fFRcIOgKBMiOBP+eXiyT7jsgVCq1bkVygt00oASowB7EdtpOHaaPgKt812P9ab+DDKA==}
    engines: {node: ^8.16.0 || ^10.6.0 || >=11.0.0}
    os: [darwin]

  playwright-core@1.62.1:
    resolution: {integrity: sha512-wPYSwEBJY9GHraISXqyqtx0na0LpO3XEX7jNDhntbex7tzUS7kLnZsOlFruFJB4Hi/rhDMjXGqHewDZ68nYZVw==}
    engines: {node: '>=20'}
    hasBin: true

  playwright@1.62.1:
    resolution: {integrity: sha512-0M+L3LAD8/nm554LOla9Ayx0j0tmFZ0FBcoQ7F1VuVHpM/XpiC8RcDzBQB8W5+hA8L22THxELzeF+2WcUzvcLg==}
    engines: {node: '>=20'}
    hasBin: true

snapshots:

  '@discourse/types@2026.9.0-eb242063': {}

  fsevents@2.3.2:
    optional: true

  playwright-core@1.62.1: {}

  playwright@1.62.1:
    dependencies:
      playwright-core: 1.62.1
    optionalDependencies:
      fsevents: 2.3.2
