GEM
  remote: https://rubygems.org/
  specs:
    activesupport (8.0.5.1)
      base64
      benchmark (>= 0.3)
      bigdecimal
      concurrent-ruby (~> 1.0, >= 1.3.1)
      connection_pool (>= 2.2.5)
      drb
      i18n (>= 1.6, < 2)
      logger (>= 1.4.2)
      minitest (>= 5.1)
      securerandom (>= 0.3)
      tzinfo (~> 2.0, >= 2.0.5)
      uri (>= 0.13.1)
    base64 (0.3.0)
    benchmark (0.5.0)
    bigdecimal (3.3.1)
    concurrent-ruby (1.3.8)
    connection_pool (2.5.5)
    drb (2.2.3)
    ffi (1.17.4-x86_64-linux-gnu)
    i18n (1.14.8)
      concurrent-ruby (~> 1.0)
    landlock (0.5.1)
    logger (1.7.0)
    minitest (6.0.6)
      drb (~> 2.0)
      prism (~> 1.5)
    msgpack (1.8.4)
    nokogiri (1.19.4-x86_64-linux-gnu)
      racc (~> 1.4)
    prism (1.9.0)
    racc (1.8.1)
    ruby-vips (2.3.0)
      ffi (~> 1.12)
      logger
    securerandom (0.4.1)
    tzinfo (2.0.6)
      concurrent-ruby (~> 1.0)
    uri (1.1.1)

PLATFORMS
  x86_64-linux-gnu

DEPENDENCIES
  activesupport (= 8.0.5.1)
  base64 (= 0.3.0)
  benchmark (= 0.5.0)
  bigdecimal (= 3.3.1)
  concurrent-ruby (= 1.3.8)
  connection_pool (= 2.5.5)
  drb (= 2.2.3)
  ffi (= 1.17.4)
  i18n (= 1.14.8)
  landlock (= 0.5.1)
  logger (= 1.7.0)
  minitest (= 6.0.6)
  msgpack (= 1.8.4)
  nokogiri (= 1.19.4)
  prism (= 1.9.0)
  racc (= 1.8.1)
  ruby-vips (= 2.3.0)
  securerandom (= 0.4.1)
  tzinfo (= 2.0.6)
  uri (= 1.1.1)

CHECKSUMS
  activesupport (8.0.5.1)
  base64 (0.3.0)
  benchmark (0.5.0)
  bigdecimal (3.3.1)
  bundler (4.0.11) sha256=5bcec0fb78302e48d02ee46f10ee6e6942be647ba5b44a6d1ddfda9a240ce785
  concurrent-ruby (1.3.8)
  connection_pool (2.5.5)
  drb (2.2.3)
  ffi (1.17.4-x86_64-linux-gnu)
  i18n (1.14.8)
  landlock (0.5.1)
  logger (1.7.0)
  minitest (6.0.6)
  msgpack (1.8.4)
  nokogiri (1.19.4-x86_64-linux-gnu)
  prism (1.9.0)
  racc (1.8.1)
  ruby-vips (2.3.0)
  securerandom (0.4.1)
  tzinfo (2.0.6)
  uri (1.1.1)

BUNDLED WITH
  4.0.11
